{
    "_readme": [
        "This file locks the dependencies of your project to a known state",
        "Read more about it at http://getcomposer.org/doc/01-basic-usage.md#composer-lock-the-lock-file",
        "This file is @generated automatically"
    ],
    "hash": "bf9967ff30e71fdb7be82a51a345ada5",
    "packages": [
        {
            "name": "kartik-v/bootstrap-fileinput",
            "version": "dev-master",
            "source": {
                "type": "git",
                "url": "https://github.com/kartik-v/bootstrap-fileinput.git",
                "reference": "d2cd502b78acc49deca55c1d28b262f6b30d6ed3"
            },
            "dist": {
                "type": "zip",
                "url": "https://api.github.com/repos/kartik-v/bootstrap-fileinput/zipball/d2cd502b78acc49deca55c1d28b262f6b30d6ed3",
                "reference": "d2cd502b78acc49deca55c1d28b262f6b30d6ed3",
                "shasum": ""
            },
            "type": "library",
            "autoload": {
                "psr-4": {
                    "kartik\\": ""
                }
            },
            "notification-url": "https://packagist.org/downloads/",
            "license": [
                "BSD 3-Clause"
            ],
            "authors": [
                {
                    "name": "Kartik Visweswaran",
                    "email": "kartikv2@gmail.com",
                    "homepage": "http://www.krajee.com/"
                }
            ],
            "description": "An enhanced HTML 5 file input for Bootstrap 3.x with file preview, multiple selection, and more features.",
            "homepage": "https://github.com/kartik-v/bootstrap-fileinput",
            "keywords": [
                "bootstrap",
                "file",
                "image",
                "input",
                "jquery",
                "preview",
                "upload"
            ],
            "time": "2014-08-20 21:11:52"
        },
        {
            "name": "kartik-v/dependent-dropdown",
            "version": "dev-master",
            "source": {
                "type": "git",
                "url": "https://github.com/kartik-v/dependent-dropdown.git",
                "reference": "f2c5d7d68e8070ef9656c4df82b9dc70a77190d6"
            },
            "dist": {
                "type": "zip",
                "url": "https://api.github.com/repos/kartik-v/dependent-dropdown/zipball/f2c5d7d68e8070ef9656c4df82b9dc70a77190d6",
                "reference": "f2c5d7d68e8070ef9656c4df82b9dc70a77190d6",
                "shasum": ""
            },
            "type": "library",
            "autoload": {
                "psr-4": {
                    "kartik\\": ""
                }
            },
            "notification-url": "https://packagist.org/downloads/",
            "license": [
                "BSD 3-Clause"
            ],
            "authors": [
                {
                    "name": "Kartik Visweswaran",
                    "email": "kartikv2@gmail.com",
                    "homepage": "http://www.krajee.com/"
                }
            ],
            "description": "A multi level dependent dropdown JQuery plugin that allows nested dependencies.",
            "homepage": "https://github.com/kartik-v/dependent-dropdown",
            "keywords": [
                "dependent",
                "dropdown",
                "jquery",
                "option",
                "select"
            ],
            "time": "2014-08-11 16:59:00"
        }
    ],
    "packages-dev": [

    ],
    "aliases": [

    ],
    "minimum-stability": "stable",
    "stability-flags": {
        "kartik-v/bootstrap-fileinput": 20,
        "kartik-v/dependent-dropdown": 20
    },
    "prefer-stable": false,
    "platform": [

    ],
    "platform-dev": [

    ]
}
